// !$*UTF8*$!
{
	archiveVersion = 1;
	classes = {
	};
	objectVersion = 55;
	objects = {

/* Begin PBXBuildFile section */
		CE9219C4274DA76200801AE4 /* PlayMusicApp.swift in Sources */ = {isa = PBXBuildFile; fileRef = CE9219C3274DA76200801AE4 /* PlayMusicApp.swift */; };
		CE9219C6274DA76200801AE4 /* ContentView.swift in Sources */ = {isa = PBXBuildFile; fileRef = CE9219C5274DA76200801AE4 /* ContentView.swift */; };
		CE9219C8274DA76400801AE4 /* Assets.xcassets in Resources */ = {isa = PBXBuildFile; fileRef = CE9219C7274DA76400801AE4 /* Assets.xcassets */; };
		CE9219CB274DA76400801AE4 /* Preview Assets.xcassets in Resources */ = {isa = PBXBuildFile; fileRef = CE9219CA274DA76400801AE4 /* Preview Assets.xcassets */; };
		CE9219D2274DAC9D00801AE4 /* SoundPlayer.swift in Sources */ = {isa = PBXBuildFile; fileRef = CE9219D1274DAC9D00801AE4 /* SoundPlayer.swift */; };
		CEDC105727522AA600A13801 /* Music.swift in Sources */ = {isa = PBXBuildFile; fileRef = CEDC105527522AA600A13801 /* Music.swift */; };
		CEDC105827522AA600A13801 /* ModelData.swift in Sources */ = {isa = PBXBuildFile; fileRef = CEDC105627522AA600A13801 /* ModelData.swift */; };
		CEDC105A27522B3000A13801 /* musicPlayer.json in Resources */ = {isa = PBXBuildFile; fileRef = CEDC105927522B3000A13801 /* musicPlayer.json */; };
		CEDC106A27522EC100A13801 /* Jim Yosef.mp3 in Resources */ = {isa = PBXBuildFile; fileRef = CEDC105C27522EBF00A13801 /* Jim Yosef.mp3 */; };
		CEDC106B27522EC100A13801 /* Candyland.mp3 in Resources */ = {isa = PBXBuildFile; fileRef = CEDC105D27522EC000A13801 /* Candyland.mp3 */; };
		CEDC106C27522EC100A13801 /* Hope.mp3 in Resources */ = {isa = PBXBuildFile; fileRef = CEDC105E27522EC000A13801 /* Hope.mp3 */; };
		CEDC106D27522EC100A13801 /* Light It Up.mp3 in Resources */ = {isa = PBXBuildFile; fileRef = CEDC105F27522EC000A13801 /* Light It Up.mp3 */; };
		CEDC106E27522EC100A13801 /* Feel Good.mp3 in Resources */ = {isa = PBXBuildFile; fileRef = CEDC106027522EC000A13801 /* Feel Good.mp3 */; };
		CEDC106F27522EC100A13801 /* Nekozilla.mp3 in Resources */ = {isa = PBXBuildFile; fileRef = CEDC106127522EC000A13801 /* Nekozilla.mp3 */; };
		CEDC107027522EC100A13801 /* On & On.mp3 in Resources */ = {isa = PBXBuildFile; fileRef = CEDC106227522EC000A13801 /* On & On.mp3 */; };
		CEDC107127522EC100A13801 /* Blank.mp3 in Resources */ = {isa = PBXBuildFile; fileRef = CEDC106327522EC000A13801 /* Blank.mp3 */; };
		CEDC107227522EC100A13801 /* Adventures.mp3 in Resources */ = {isa = PBXBuildFile; fileRef = CEDC106427522EC100A13801 /* Adventures.mp3 */; };
		CEDC107327522EC100A13801 /* Shine.mp3 in Resources */ = {isa = PBXBuildFile; fileRef = CEDC106527522EC100A13801 /* Shine.mp3 */; };
		CEDC107427522EC100A13801 /* Symbolism.mp3 in Resources */ = {isa = PBXBuildFile; fileRef = CEDC106627522EC100A13801 /* Symbolism.mp3 */; };
		CEDC107527522EC100A13801 /* My Heart.mp3 in Resources */ = {isa = PBXBuildFile; fileRef = CEDC106727522EC100A13801 /* My Heart.mp3 */; };
		CEDC107627522EC100A13801 /* Earth.mp3 in Resources */ = {isa = PBXBuildFile; fileRef = CEDC106827522EC100A13801 /* Earth.mp3 */; };
		CEDC107727522EC100A13801 /* Fade.mp3 in Resources */ = {isa = PBXBuildFile; fileRef = CEDC106927522EC100A13801 /* Fade.mp3 */; };
/* End PBXBuildFile section */

/* Begin PBXFileReference section */
		CE9219C0274DA76200801AE4 /* PlayMusic.app */ = {isa = PBXFileReference; explicitFileType = wrapper.application; includeInIndex = 0; path = PlayMusic.app; sourceTree = BUILT_PRODUCTS_DIR; };
		CE9219C3274DA76200801AE4 /* PlayMusicApp.swift */ = {isa = PBXFileReference; lastKnownFileType = sourcecode.swift; path = PlayMusicApp.swift; sourceTree = "<group>"; };
		CE9219C5274DA76200801AE4 /* ContentView.swift */ = {isa = PBXFileReference; lastKnownFileType = sourcecode.swift; path = ContentView.swift; sourceTree = "<group>"; };
		CE9219C7274DA76400801AE4 /* Assets.xcassets */ = {isa = PBXFileReference; lastKnownFileType = folder.assetcatalog; path = Assets.xcassets; sourceTree = "<group>"; };
		CE9219CA274DA76400801AE4 /* Preview Assets.xcassets */ = {isa = PBXFileReference; lastKnownFileType = folder.assetcatalog; path = "Preview Assets.xcassets"; sourceTree = "<group>"; };
		CE9219D1274DAC9D00801AE4 /* SoundPlayer.swift */ = {isa = PBXFileReference; lastKnownFileType = sourcecode.swift; path = SoundPlayer.swift; sourceTree = "<group>"; };
		CEDC105527522AA600A13801 /* Music.swift */ = {isa = PBXFileReference; fileEncoding = 4; lastKnownFileType = sourcecode.swift; path = Music.swift; sourceTree = "<group>"; };
		CEDC105627522AA600A13801 /* ModelData.swift */ = {isa = PBXFileReference; fileEncoding = 4; lastKnownFileType = sourcecode.swift; path = ModelData.swift; sourceTree = "<group>"; };
		CEDC105927522B3000A13801 /* musicPlayer.json */ = {isa = PBXFileReference; fileEncoding = 4; lastKnownFileType = text.json; path = musicPlayer.json; sourceTree = "<group>"; };
		CEDC105C27522EBF00A13801 /* Jim Yosef.mp3 */ = {isa = PBXFileReference; lastKnownFileType = audio.mp3; path = "Jim Yosef.mp3"; sourceTree = "<group>"; };
		CEDC105D27522EC000A13801 /* Candyland.mp3 */ = {isa = PBXFileReference; lastKnownFileType = audio.mp3; path = Candyland.mp3; sourceTree = "<group>"; };
		CEDC105E27522EC000A13801 /* Hope.mp3 */ = {isa = PBXFileReference; lastKnownFileType = audio.mp3; path = Hope.mp3; sourceTree = "<group>"; };
		CEDC105F27522EC000A13801 /* Light It Up.mp3 */ = {isa = PBXFileReference; lastKnownFileType = audio.mp3; path = "Light It Up.mp3"; sourceTree = "<group>"; };
		CEDC106027522EC000A13801 /* Feel Good.mp3 */ = {isa = PBXFileReference; lastKnownFileType = audio.mp3; path = "Feel Good.mp3"; sourceTree = "<group>"; };
		CEDC106127522EC000A13801 /* Nekozilla.mp3 */ = {isa = PBXFileReference; lastKnownFileType = audio.mp3; path = Nekozilla.mp3; sourceTree = "<group>"; };
		CEDC106227522EC000A13801 /* On & On.mp3 */ = {isa = PBXFileReference; lastKnownFileType = audio.mp3; path = "On & On.mp3"; sourceTree = "<group>"; };
		CEDC106327522EC000A13801 /* Blank.mp3 */ = {isa = PBXFileReference; lastKnownFileType = audio.mp3; path = Blank.mp3; sourceTree = "<group>"; };
		CEDC106427522EC100A13801 /* Adventures.mp3 */ = {isa = PBXFileReference; lastKnownFileType = audio.mp3; path = Adventures.mp3; sourceTree = "<group>"; };
		CEDC106527522EC100A13801 /* Shine.mp3 */ = {isa = PBXFileReference; lastKnownFileType = audio.mp3; path = Shine.mp3; sourceTree = "<group>"; };
		CEDC106627522EC100A13801 /* Symbolism.mp3 */ = {isa = PBXFileReference; lastKnownFileType = audio.mp3; path = Symbolism.mp3; sourceTree = "<group>"; };
		CEDC106727522EC100A13801 /* My Heart.mp3 */ = {isa = PBXFileReference; lastKnownFileType = audio.mp3; path = "My Heart.mp3"; sourceTree = "<group>"; };
		CEDC106827522EC100A13801 /* Earth.mp3 */ = {isa = PBXFileReference; lastKnownFileType = audio.mp3; path = Earth.mp3; sourceTree = "<group>"; };
		CEDC106927522EC100A13801 /* Fade.mp3 */ = {isa = PBXFileReference; lastKnownFileType = audio.mp3; path = Fade.mp3; sourceTree = "<group>"; };
/* End PBXFileReference section */

/* Begin PBXFrameworksBuildPhase section */
		CE9219BD274DA76200801AE4 /* Frameworks */ = {
			isa = PBXFrameworksBuildPhase;
			buildActionMask = 2147483647;
			files = (
			);
			runOnlyForDeploymentPostprocessing = 0;
		};
/* End PBXFrameworksBuildPhase section */

/* Begin PBXGroup section */
		CE9219B7274DA76200801AE4 = {
			isa = PBXGroup;
			children = (
				CE9219C2274DA76200801AE4 /* PlayMusic */,
				CE9219C1274DA76200801AE4 /* Products */,
			);
			sourceTree = "<group>";
		};
		CE9219C1274DA76200801AE4 /* Products */ = {
			isa = PBXGroup;
			children = (
				CE9219C0274DA76200801AE4 /* PlayMusic.app */,
			);
			name = Products;
			sourceTree = "<group>";
		};
		CE9219C2274DA76200801AE4 /* PlayMusic */ = {
			isa = PBXGroup;
			children = (
				CEDC105B27522E9C00A13801 /* Resource */,
				CE9219C3274DA76200801AE4 /* PlayMusicApp.swift */,
				CE9219C5274DA76200801AE4 /* ContentView.swift */,
				CE9219D1274DAC9D00801AE4 /* SoundPlayer.swift */,
				CEDC105527522AA600A13801 /* Music.swift */,
				CEDC105627522AA600A13801 /* ModelData.swift */,
				CE9219C7274DA76400801AE4 /* Assets.xcassets */,
				CEDC105927522B3000A13801 /* musicPlayer.json */,
				CE9219C9274DA76400801AE4 /* Preview Content */,
			);
			path = PlayMusic;
			sourceTree = "<group>";
		};
		CE9219C9274DA76400801AE4 /* Preview Content */ = {
			isa = PBXGroup;
			children = (
				CE9219CA274DA76400801AE4 /* Preview Assets.xcassets */,
			);
			path = "Preview Content";
			sourceTree = "<group>";
		};
		CEDC105B27522E9C00A13801 /* Resource */ = {
			isa = PBXGroup;
			children = (
				CEDC106427522EC100A13801 /* Adventures.mp3 */,
				CEDC106327522EC000A13801 /* Blank.mp3 */,
				CEDC105D27522EC000A13801 /* Candyland.mp3 */,
				CEDC106827522EC100A13801 /* Earth.mp3 */,
				CEDC106927522EC100A13801 /* Fade.mp3 */,
				CEDC106027522EC000A13801 /* Feel Good.mp3 */,
				CEDC105E27522EC000A13801 /* Hope.mp3 */,
				CEDC105C27522EBF00A13801 /* Jim Yosef.mp3 */,
				CEDC105F27522EC000A13801 /* Light It Up.mp3 */,
				CEDC106727522EC100A13801 /* My Heart.mp3 */,
				CEDC106127522EC000A13801 /* Nekozilla.mp3 */,
				CEDC106227522EC000A13801 /* On & On.mp3 */,
				CEDC106527522EC100A13801 /* Shine.mp3 */,
				CEDC106627522EC100A13801 /* Symbolism.mp3 */,
			);
			path = Resource;
			sourceTree = "<group>";
		};
/* End PBXGroup section */

/* Begin PBXNativeTarget section */
		CE9219BF274DA76200801AE4 /* PlayMusic */ = {
			isa = PBXNativeTarget;
			buildConfigurationList = CE9219CE274DA76400801AE4 /* Build configuration list for PBXNativeTarget "PlayMusic" */;
			buildPhases = (
				CE9219BC274DA76200801AE4 /* Sources */,
				CE9219BD274DA76200801AE4 /* Frameworks */,
				CE9219BE274DA76200801AE4 /* Resources */,
			);
			buildRules = (
			);
			dependencies = (
			);
			name = PlayMusic;
			productName = PlayMusic;
			productReference = CE9219C0274DA76200801AE4 /* PlayMusic.app */;
			productType = "com.apple.product-type.application";
		};
/* End PBXNativeTarget section */

/* Begin PBXProject section */
		CE9219B8274DA76200801AE4 /* Project object */ = {
			isa = PBXProject;
			attributes = {
				BuildIndependentTargetsInParallel = 1;
				LastSwiftUpdateCheck = 1310;
				LastUpgradeCheck = 1310;
				TargetAttributes = {
					CE9219BF274DA76200801AE4 = {
						CreatedOnToolsVersion = 13.1;
					};
				};
			};
			buildConfigurationList = CE9219BB274DA76200801AE4 /* Build configuration list for PBXProject "PlayMusic" */;
			compatibilityVersion = "Xcode 13.0";
			developmentRegion = en;
			hasScannedForEncodings = 0;
			knownRegions = (
				en,
				Base,
			);
			mainGroup = CE9219B7274DA76200801AE4;
			productRefGroup = CE9219C1274DA76200801AE4 /* Products */;
			projectDirPath = "";
			projectRoot = "";
			targets = (
				CE9219BF274DA76200801AE4 /* PlayMusic */,
			);
		};
/* End PBXProject section */

/* Begin PBXResourcesBuildPhase section */
		CE9219BE274DA76200801AE4 /* Resources */ = {
			isa = PBXResourcesBuildPhase;
			buildActionMask = 2147483647;
			files = (
				CEDC107427522EC100A13801 /* Symbolism.mp3 in Resources */,
				CEDC106E27522EC100A13801 /* Feel Good.mp3 in Resources */,
				CEDC106D27522EC100A13801 /* Light It Up.mp3 in Resources */,
				CEDC106F27522EC100A13801 /* Nekozilla.mp3 in Resources */,
				CEDC107027522EC100A13801 /* On & On.mp3 in Resources */,
				CEDC107127522EC100A13801 /* Blank.mp3 in Resources */,
				CEDC107327522EC100A13801 /* Shine.mp3 in Resources */,
				CEDC107227522EC100A13801 /* Adventures.mp3 in Resources */,
				CEDC106C27522EC100A13801 /* Hope.mp3 in Resources */,
				CEDC107527522EC100A13801 /* My Heart.mp3 in Resources */,
				CE9219CB274DA76400801AE4 /* Preview Assets.xcassets in Resources */,
				CEDC107627522EC100A13801 /* Earth.mp3 in Resources */,
				CEDC106A27522EC100A13801 /* Jim Yosef.mp3 in Resources */,
				CEDC107727522EC100A13801 /* Fade.mp3 in Resources */,
				CE9219C8274DA76400801AE4 /* Assets.xcassets in Resources */,
				CEDC106B27522EC100A13801 /* Candyland.mp3 in Resources */,
				CEDC105A27522B3000A13801 /* musicPlayer.json in Resources */,
			);
			runOnlyForDeploymentPostprocessing = 0;
		};
/* End PBXResourcesBuildPhase section */

/* Begin PBXSourcesBuildPhase section */
		CE9219BC274DA76200801AE4 /* Sources */ = {
			isa = PBXSourcesBuildPhase;
			buildActionMask = 2147483647;
			files = (
				CE9219C6274DA76200801AE4 /* ContentView.swift in Sources */,
				CE9219D2274DAC9D00801AE4 /* SoundPlayer.swift in Sources */,
				CEDC105827522AA600A13801 /* ModelData.swift in Sources */,
				CE9219C4274DA76200801AE4 /* PlayMusicApp.swift in Sources */,
				CEDC105727522AA600A13801 /* Music.swift in Sources */,
			);
			runOnlyForDeploymentPostprocessing = 0;
		};
/* End PBXSourcesBuildPhase section */

/* Begin XCBuildConfiguration section */
		CE9219CC274DA76400801AE4 /* Debug */ = {
			isa = XCBuildConfiguration;
			buildSettings = {
				ALWAYS_SEARCH_USER_PATHS = NO;
				CLANG_ANALYZER_NONNULL = YES;
				CLANG_ANALYZER_NUMBER_OBJECT_CONVERSION = YES_AGGRESSIVE;
				CLANG_CXX_LANGUAGE_STANDARD = "gnu++17";
				CLANG_CXX_LIBRARY = "libc++";
				CLANG_ENABLE_MODULES = YES;
				CLANG_ENABLE_OBJC_ARC = YES;
				CLANG_ENABLE_OBJC_WEAK = YES;
				CLANG_WARN_BLOCK_CAPTURE_AUTORELEASING = YES;
				CLANG_WARN_BOOL_CONVERSION = YES;
				CLANG_WARN_COMMA = YES;
				CLANG_WARN_CONSTANT_CONVERSION = YES;
				CLANG_WARN_DEPRECATED_OBJC_IMPLEMENTATIONS = YES;
				CLANG_WARN_DIRECT_OBJC_ISA_USAGE = YES_ERROR;
				CLANG_WARN_DOCUMENTATION_COMMENTS = YES;
				CLANG_WARN_EMPTY_BODY = YES;
				CLANG_WARN_ENUM_CONVERSION = YES;
				CLANG_WARN_INFINITE_RECURSION = YES;
				CLANG_WARN_INT_CONVERSION = YES;
				CLANG_WARN_NON_LITERAL_NULL_CONVERSION = YES;
				CLANG_WARN_OBJC_IMPLICIT_RETAIN_SELF = YES;
				CLANG_WARN_OBJC_LITERAL_CONVERSION = YES;
				CLANG_WARN_OBJC_ROOT_CLASS = YES_ERROR;
				CLANG_WARN_QUOTED_INCLUDE_IN_FRAMEWORK_HEADER = YES;
				CLANG_WARN_RANGE_LOOP_ANALYSIS = YES;
				CLANG_WARN_STRICT_PROTOTYPES = YES;
				CLANG_WARN_SUSPICIOUS_MOVE = YES;
				CLANG_WARN_UNGUARDED_AVAILABILITY = YES_AGGRESSIVE;
				CLANG_WARN_UNREACHABLE_CODE = YES;
				CLANG_WARN__DUPLICATE_METHOD_MATCH = YES;
				COPY_PHASE_STRIP = NO;
				DEBUG_INFORMATION_FORMAT = dwarf;
				ENABLE_STRICT_OBJC_MSGSEND = YES;
				ENABLE_TESTABILITY = YES;
				GCC_C_LANGUAGE_STANDARD = gnu11;
				GCC_DYNAMIC_NO_PIC = NO;
				GCC_NO_COMMON_BLOCKS = YES;
				GCC_OPTIMIZATION_LEVEL = 0;
				GCC_PREPROCESSOR_DEFINITIONS = (
					"DEBUG=1",
					"$(inherited)",
				);
				GCC_WARN_64_TO_32_BIT_CONVERSION = YES;
				GCC_WARN_ABOUT_RETURN_TYPE = YES_ERROR;
				GCC_WARN_UNDECLARED_SELECTOR = YES;
				GCC_WARN_UNINITIALIZED_AUTOS = YES_AGGRESSIVE;
				GCC_WARN_UNUSED_FUNCTION = YES;
				GCC_WARN_UNUSED_VARIABLE = YES;
				IPHONEOS_DEPLOYMENT_TARGET = 15.0;
				MTL_ENABLE_DEBUG_INFO = INCLUDE_SOURCE;
				MTL_FAST_MATH = YES;
				ONLY_ACTIVE_ARCH = YES;
				SDKROOT = iphoneos;
				SWIFT_ACTIVE_COMPILATION_CONDITIONS = DEBUG;
				SWIFT_OPTIMIZATION_LEVEL = "-Onone";
			};
			name = Debug;
		};
		CE9219CD274DA76400801AE4 /* Release */ = {
			isa = XCBuildConfiguration;
			buildSettings = {
				ALWAYS_SEARCH_USER_PATHS = NO;
				CLANG_ANALYZER_NONNULL = YES;
				CLANG_ANALYZER_NUMBER_OBJECT_CONVERSION = YES_AGGRESSIVE;
				CLANG_CXX_LANGUAGE_STANDARD = "gnu++17";
				CLANG_CXX_LIBRARY = "libc++";
				CLANG_ENABLE_MODULES = YES;
				CLANG_ENABLE_OBJC_ARC = YES;
				CLANG_ENABLE_OBJC_WEAK = YES;
				CLANG_WARN_BLOCK_CAPTURE_AUTORELEASING = YES;
				CLANG_WARN_BOOL_CONVERSION = YES;
				CLANG_WARN_COMMA = YES;
				CLANG_WARN_CONSTANT_CONVERSION = YES;
				CLANG_WARN_DEPRECATED_OBJC_IMPLEMENTATIONS = YES;
				CLANG_WARN_DIRECT_OBJC_ISA_USAGE = YES_ERROR;
				CLANG_WARN_DOCUMENTATION_COMMENTS = YES;
				CLANG_WARN_EMPTY_BODY = YES;
				CLANG_WARN_ENUM_CONVERSION = YES;
				CLANG_WARN_INFINITE_RECURSION = YES;
				CLANG_WARN_INT_CONVERSION = YES;
				CLANG_WARN_NON_LITERAL_NULL_CONVERSION = YES;
				CLANG_WARN_OBJC_IMPLICIT_RETAIN_SELF = YES;
				CLANG_WARN_OBJC_LITERAL_CONVERSION = YES;
				CLANG_WARN_OBJC_ROOT_CLASS = YES_ERROR;
				CLANG_WARN_QUOTED_INCLUDE_IN_FRAMEWORK_HEADER = YES;
				CLANG_WARN_RANGE_LOOP_ANALYSIS = YES;
				CLANG_WARN_STRICT_PROTOTYPES = YES;
				CLANG_WARN_SUSPICIOUS_MOVE = YES;
				CLANG_WARN_UNGUARDED_AVAILABILITY = YES_AGGRESSIVE;
				CLANG_WARN_UNREACHABLE_CODE = YES;
				CLANG_WARN__DUPLICATE_METHOD_MATCH = YES;
				COPY_PHASE_STRIP = NO;
				DEBUG_INFORMATION_FORMAT = "dwarf-with-dsym";
				ENABLE_NS_ASSERTIONS = NO;
				ENABLE_STRICT_OBJC_MSGSEND = YES;
				GCC_C_LANGUAGE_STANDARD = gnu11;
				GCC_NO_COMMON_BLOCKS = YES;
				GCC_WARN_64_TO_32_BIT_CONVERSION = YES;
				GCC_WARN_ABOUT_RETURN_TYPE = YES_ERROR;
				GCC_WARN_UNDECLARED_SELECTOR = YES;
				GCC_WARN_UNINITIALIZED_AUTOS = YES_AGGRESSIVE;
				GCC_WARN_UNUSED_FUNCTION = YES;
				GCC_WARN_UNUSED_VARIABLE = YES;
				IPHONEOS_DEPLOYMENT_TARGET = 15.0;
				MTL_ENABLE_DEBUG_INFO = NO;
				MTL_FAST_MATH = YES;
				SDKROOT = iphoneos;
				SWIFT_COMPILATION_MODE = wholemodule;
				SWIFT_OPTIMIZATION_LEVEL = "-O";
				VALIDATE_PRODUCT = YES;
			};
			name = Release;
		};
		CE9219CF274DA76400801AE4 /* Debug */ = {
			isa = XCBuildConfiguration;
			buildSettings = {
				ASSETCATALOG_COMPILER_APPICON_NAME = AppIcon;
				ASSETCATALOG_COMPILER_GLOBAL_ACCENT_COLOR_NAME = AccentColor;
				CODE_SIGN_STYLE = Automatic;
				CURRENT_PROJECT_VERSION = 1;
				DEVELOPMENT_ASSET_PATHS = "\"PlayMusic/Preview Content\"";
				ENABLE_PREVIEWS = YES;
				GENERATE_INFOPLIST_FILE = YES;
				INFOPLIST_KEY_UIApplicationSceneManifest_Generation = YES;
				INFOPLIST_KEY_UIApplicationSupportsIndirectInputEvents = YES;
				INFOPLIST_KEY_UILaunchScreen_Generation = YES;
				INFOPLIST_KEY_UISupportedInterfaceOrientations_iPad = "UIInterfaceOrientationPortrait UIInterfaceOrientationPortraitUpsideDown UIInterfaceOrientationLandscapeLeft UIInterfaceOrientationLandscapeRight";
				INFOPLIST_KEY_UISupportedInterfaceOrientations_iPhone = "UIInterfaceOrientationPortrait UIInterfaceOrientationLandscapeLeft UIInterfaceOrientationLandscapeRight";
				LD_RUNPATH_SEARCH_PATHS = (
					"$(inherited)",
					"@executable_path/Frameworks",
				);
				MARKETING_VERSION = 1.0;
				PRODUCT_BUNDLE_IDENTIFIER = com.premo.PlayMusic;
				PRODUCT_NAME = "$(TARGET_NAME)";
				SWIFT_EMIT_LOC_STRINGS = YES;
				SWIFT_VERSION = 5.0;
				TARGETED_DEVICE_FAMILY = "1,2";
			};
			name = Debug;
		};
		CE9219D0274DA76400801AE4 /* Release */ = {
			isa = XCBuildConfiguration;
			buildSettings = {
				ASSETCATALOG_COMPILER_APPICON_NAME = AppIcon;
				ASSETCATALOG_COMPILER_GLOBAL_ACCENT_COLOR_NAME = AccentColor;
				CODE_SIGN_STYLE = Automatic;
				CURRENT_PROJECT_VERSION = 1;
				DEVELOPMENT_ASSET_PATHS = "\"PlayMusic/Preview Content\"";
				ENABLE_PREVIEWS = YES;
				GENERATE_INFOPLIST_FILE = YES;
				INFOPLIST_KEY_UIApplicationSceneManifest_Generation = YES;
				INFOPLIST_KEY_UIApplicationSupportsIndirectInputEvents = YES;
				INFOPLIST_KEY_UILaunchScreen_Generation = YES;
				INFOPLIST_KEY_UISupportedInterfaceOrientations_iPad = "UIInterfaceOrientationPortrait UIInterfaceOrientationPortraitUpsideDown UIInterfaceOrientationLandscapeLeft UIInterfaceOrientationLandscapeRight";
				INFOPLIST_KEY_UISupportedInterfaceOrientations_iPhone = "UIInterfaceOrientationPortrait UIInterfaceOrientationLandscapeLeft UIInterfaceOrientationLandscapeRight";
				LD_RUNPATH_SEARCH_PATHS = (
					"$(inherited)",
					"@executable_path/Frameworks",
				);
				MARKETING_VERSION = 1.0;
				PRODUCT_BUNDLE_IDENTIFIER = com.premo.PlayMusic;
				PRODUCT_NAME = "$(TARGET_NAME)";
				SWIFT_EMIT_LOC_STRINGS = YES;
				SWIFT_VERSION = 5.0;
				TARGETED_DEVICE_FAMILY = "1,2";
			};
			name = Release;
		};
/* End XCBuildConfiguration section */

/* Begin XCConfigurationList section */
		CE9219BB274DA76200801AE4 /* Build configuration list for PBXProject "PlayMusic" */ = {
			isa = XCConfigurationList;
			buildConfigurations = (
				CE9219CC274DA76400801AE4 /* Debug */,
				CE9219CD274DA76400801AE4 /* Release */,
			);
			defaultConfigurationIsVisible = 0;
			defaultConfigurationName = Release;
		};
		CE9219CE274DA76400801AE4 /* Build configuration list for PBXNativeTarget "PlayMusic" */ = {
			isa = XCConfigurationList;
			buildConfigurations = (
				CE9219CF274DA76400801AE4 /* Debug */,
				CE9219D0274DA76400801AE4 /* Release */,
			);
			defaultConfigurationIsVisible = 0;
			defaultConfigurationName = Release;
		};
/* End XCConfigurationList section */
	};
	rootObject = CE9219B8274DA76200801AE4 /* Project object */;
}
